Microsoft Visual Studio Solution File, Format Version 11.00
# Visual Studio 2008

Project("{68D84A16-4F87-D9E8-0FCD-4EFF3288005D}") = "LatestArcade", "Assembly-CSharp-firstpass.csproj", "{2CEF426B-6C70-1C9D-22A8-9FFEA103459F}"
EndProject
Project("{68D84A16-4F87-D9E8-0FCD-4EFF3288005D}") = "LatestArcade", "Assembly-CSharp.csproj", "{324B40A0-24D8-7749-65A0-815F661F08D4}"
EndProject
Global
	GlobalSection(SolutionConfigurationPlatforms) = preSolution
		Debug|Any CPU = Debug|Any CPU
		Release|Any CPU = Release|Any CPU
	EndGlobalSection
	GlobalSection(ProjectConfigurationPlatforms) = postSolution
		{2CEF426B-6C70-1C9D-22A8-9FFEA103459F}.Debug|Any CPU.ActiveCfg = Debug|Any CPU
		{2CEF426B-6C70-1C9D-22A8-9FFEA103459F}.Debug|Any CPU.Build.0 = Debug|Any CPU
		{2CEF426B-6C70-1C9D-22A8-9FFEA103459F}.Release|Any CPU.ActiveCfg = Release|Any CPU
		{2CEF426B-6C70-1C9D-22A8-9FFEA103459F}.Release|Any CPU.Build.0 = Release|Any CPU
		{324B40A0-24D8-7749-65A0-815F661F08D4}.Debug|Any CPU.ActiveCfg = Debug|Any CPU
		{324B40A0-24D8-7749-65A0-815F661F08D4}.Debug|Any CPU.Build.0 = Debug|Any CPU
		{324B40A0-24D8-7749-65A0-815F661F08D4}.Release|Any CPU.ActiveCfg = Release|Any CPU
		{324B40A0-24D8-7749-65A0-815F661F08D4}.Release|Any CPU.Build.0 = Release|Any CPU
	EndGlobalSection
	GlobalSection(SolutionProperties) = preSolution
		HideSolutionNode = FALSE
	EndGlobalSection
	GlobalSection(MonoDevelopProperties) = preSolution
		StartupItem = Assembly-CSharp.csproj
	EndGlobalSection
EndGlobal
